{
  "name": "trpc",
  "version": "1.0.0",
  "lockfileVersion": 3,
  "requires": true,
  "packages": {
    "": {
      "name": "trpc",
      "version": "1.0.0",
      "license": "ISC",
      "dependencies": {
        "@trpc/client": "^11.0.0-next-beta.318",
        "@trpc/server": "^11.0.0-next-beta.318",
        "zod": "^3.22.4"
      }
    },
    "node_modules/@trpc/client": {
      "version": "11.0.0-next-beta.318",
      "resolved": "https://registry.npmjs.org/@trpc/client/-/client-11.0.0-next-beta.318.tgz",
      "integrity": "sha512-R3IlUZqN3WKNNWsayMiVP6JqWVdyNSuwQmBQY7VqVepUBV210uo4GoFLv2vmmegOlHzgx9IUZG7u1grN1v1nAg==",
      "funding": [
        "https://trpc.io/sponsor"
      ],
      "peerDependencies": {
        "@trpc/server": "11.0.0-next-beta.318+e9899d002"
      }
    },
    "node_modules/@trpc/server": {
      "version": "11.0.0-next-beta.318",
      "resolved": "https://registry.npmjs.org/@trpc/server/-/server-11.0.0-next-beta.318.tgz",
      "integrity": "sha512-lxwWfqgv3LvIfhagCElDtNEY6C2sQU3o43OH0vn9hQ+7o9j+JHwEZjZz1ixvm3wUZvwZ68LheXuKL9RdVn1d4w==",
      "funding": [
        "https://trpc.io/sponsor"
      ]
    },
    "node_modules/zod": {
      "version": "3.22.4",
      "resolved": "https://registry.npmjs.org/zod/-/zod-3.22.4.tgz",
      "integrity": "sha512-iC+8Io04lddc+mVqQ9AZ7OQ2MrUKGN+oIQyq1vemgt46jwCwLfhq7/pwnBnNXXXZb8VTVLKwp9EDkx+ryxIWmg==",
      "funding": {
        "url": "https://github.com/sponsors/colinhacks"
      }
    }
  }
}
